
Microsoft Visual Studio Solution File, Format Version 12.00
Project("{FAE04EC0-301F-11D3-BF4B-00C04F79EFBC}") = "CShap_ConsoleApp", "CShap_ConsoleApp.csproj", "{B6FF778B-C084-48A6-B3A1-A18C701A0C29}"
EndProject
Global
	GlobalSection(SolutionConfigurationPlatforms) = preSolution
		Debug|Any CPU = Debug|Any CPU
		Release|Any CPU = Release|Any CPU
	EndGlobalSection
	GlobalSection(ProjectConfigurationPlatforms) = postSolution
		{B6FF778B-C084-48A6-B3A1-A18C701A0C29}.Debug|Any CPU.ActiveCfg = Debug|Any CPU
		{B6FF778B-C084-48A6-B3A1-A18C701A0C29}.Debug|Any CPU.Build.0 = Debug|Any CPU
		{B6FF778B-C084-48A6-B3A1-A18C701A0C29}.Release|Any CPU.ActiveCfg = Release|Any CPU
		{B6FF778B-C084-48A6-B3A1-A18C701A0C29}.Release|Any CPU.Build.0 = Release|Any CPU
	EndGlobalSection
EndGlobal
